
Microsoft Visual Studio Solution File, Format Version 12.00
# Visual Studio Version 17
VisualStudioVersion = 17.8.34330.188
MinimumVisualStudioVersion = 10.0.40219.1
Project("{2150E333-8FDC-42A3-9474-1A3956D46DE8}") = "src", "src", "{1214C03E-226D-46DE-B29F-7071B29F8BE1}"
EndProject
Project("{9A19103F-16F7-4668-BE54-9A1E7A4F7556}") = "TurSys.Web.UI", "src\TurSys.Web.UI\TurSys.Web.UI.csproj", "{1A7AE14E-D4C5-4F36-9EE9-AA33ECB7CC26}"
EndProject
Project("{9A19103F-16F7-4668-BE54-9A1E7A4F7556}") = "TurSys.Application", "src\TurSys.Application\TurSys.Application.csproj", "{4F055A42-3542-4F8A-B89A-EFC517E6A285}"
EndProject
Global
	GlobalSection(SolutionConfigurationPlatforms) = preSolution
		Debug|Any CPU = Debug|Any CPU
		Release|Any CPU = Release|Any CPU
	EndGlobalSection
	GlobalSection(ProjectConfigurationPlatforms) = postSolution
		{1A7AE14E-D4C5-4F36-9EE9-AA33ECB7CC26}.Debug|Any CPU.ActiveCfg = Debug|Any CPU
		{1A7AE14E-D4C5-4F36-9EE9-AA33ECB7CC26}.Debug|Any CPU.Build.0 = Debug|Any CPU
		{1A7AE14E-D4C5-4F36-9EE9-AA33ECB7CC26}.Release|Any CPU.ActiveCfg = Release|Any CPU
		{1A7AE14E-D4C5-4F36-9EE9-AA33ECB7CC26}.Release|Any CPU.Build.0 = Release|Any CPU
		{4F055A42-3542-4F8A-B89A-EFC517E6A285}.Debug|Any CPU.ActiveCfg = Debug|Any CPU
		{4F055A42-3542-4F8A-B89A-EFC517E6A285}.Debug|Any CPU.Build.0 = Debug|Any CPU
		{4F055A42-3542-4F8A-B89A-EFC517E6A285}.Release|Any CPU.ActiveCfg = Release|Any CPU
		{4F055A42-3542-4F8A-B89A-EFC517E6A285}.Release|Any CPU.Build.0 = Release|Any CPU
	EndGlobalSection
	GlobalSection(SolutionProperties) = preSolution
		HideSolutionNode = FALSE
	EndGlobalSection
	GlobalSection(NestedProjects) = preSolution
		{1A7AE14E-D4C5-4F36-9EE9-AA33ECB7CC26} = {1214C03E-226D-46DE-B29F-7071B29F8BE1}
		{4F055A42-3542-4F8A-B89A-EFC517E6A285} = {1214C03E-226D-46DE-B29F-7071B29F8BE1}
	EndGlobalSection
	GlobalSection(ExtensibilityGlobals) = postSolution
		SolutionGuid = {8498D666-02B4-43C3-A350-7F059E9275F9}
	EndGlobalSection
EndGlobal
